
Microsoft Visual Studio Solution File, Format Version 12.00
# Visual Studio 2013
VisualStudioVersion = 12.0.21005.1
MinimumVisualStudioVersion = 10.0.40219.1
Project("{FAE04EC0-301F-11D3-BF4B-00C04F79EFBC}") = "Root", "Root\Root.csproj", "{B6852AE6-5FE0-4A76-9A71-F1573142A77D}"
EndProject
Project("{FAE04EC0-301F-11D3-BF4B-00C04F79EFBC}") = "RootTools", "RootTools\RootTools.csproj", "{CE787353-5E00-4574-9F49-7CEE7F087A86}"
EndProject
Project("{FAE04EC0-301F-11D3-BF4B-00C04F79EFBC}") = "Root_Memory", "Root_Memory\Root_Memory.csproj", "{D9475847-4F5D-4647-8085-7F952187957E}"
EndProject
Project("{FAE04EC0-301F-11D3-BF4B-00C04F79EFBC}") = "Root_Wind", "Root_Wind\Root_Wind.csproj", "{8D3AD7D9-AA3C-4747-AD6D-84DE17A16196}"
	ProjectSection(ProjectDependencies) = postProject
		{8D0A6CCE-B715-4BA7-A250-132F4D5203DC} = {8D0A6CCE-B715-4BA7-A250-132F4D5203DC}
	EndProjectSection
EndProject
Project("{FAE04EC0-301F-11D3-BF4B-00C04F79EFBC}") = "Root_Inspect", "Root_Inspect\Root_Inspect.csproj", "{E229A2CC-CF52-410E-8159-3C461B8BAF63}"
EndProject
Project("{8BC9CEB8-8B4A-11D0-8D11-00A0C91BC942}") = "RootTools_CLR", "RootTools_CLR\RootTools_CLR.vcxproj", "{8037431C-5BB7-47CB-A0D1-AA12D577EB2A}"
EndProject
Project("{8BC9CEB8-8B4A-11D0-8D11-00A0C91BC942}") = "RootTools_Cpp", "RootTools_Cpp\RootTools_Cpp.vcxproj", "{8D0A6CCE-B715-4BA7-A250-132F4D5203DC}"
EndProject
Project("{FAE04EC0-301F-11D3-BF4B-00C04F79EFBC}") = "Root_Vega", "Root_Vega\Root_Vega.csproj", "{0FC7A5C2-CD74-4106-BE2D-DFD4A97CC74C}"
EndProject
Project("{FAE04EC0-301F-11D3-BF4B-00C04F79EFBC}") = "Root_LogView", "Root_LogView\Root_LogView.csproj", "{0FC3EDCB-083F-47A1-A7ED-C23A92DF48A7}"
EndProject
Project("{FAE04EC0-301F-11D3-BF4B-00C04F79EFBC}") = "Root_Siltron", "Root_Siltron\Root_Siltron.csproj", "{5761D9A5-6772-4FA4-AEF9-47A773779EDB}"
EndProject
Project("{FAE04EC0-301F-11D3-BF4B-00C04F79EFBC}") = "Root_ADI", "Root_ADI\Root_ADI.csproj", "{688E2C3A-5C3E-4FCE-95DA-257B2C76E190}"
EndProject
Project("{FAE04EC0-301F-11D3-BF4B-00C04F79EFBC}") = "Root_EFEM", "Root_EFEM\Root_EFEM.csproj", "{23175072-261B-4601-8909-152EE93B78F0}"
EndProject
Global
	GlobalSection(SolutionConfigurationPlatforms) = preSolution
		Debug|Any CPU = Debug|Any CPU
		Debug|x64 = Debug|x64
		Debug|x86 = Debug|x86
		Release|Any CPU = Release|Any CPU
		Release|x64 = Release|x64
		Release|x86 = Release|x86
	EndGlobalSection
	GlobalSection(ProjectConfigurationPlatforms) = postSolution
		{B6852AE6-5FE0-4A76-9A71-F1573142A77D}.Debug|Any CPU.ActiveCfg = Debug|Any CPU
		{B6852AE6-5FE0-4A76-9A71-F1573142A77D}.Debug|Any CPU.Build.0 = Debug|Any CPU
		{B6852AE6-5FE0-4A76-9A71-F1573142A77D}.Debug|x64.ActiveCfg = Debug|x64
		{B6852AE6-5FE0-4A76-9A71-F1573142A77D}.Debug|x64.Build.0 = Debug|x64
		{B6852AE6-5FE0-4A76-9A71-F1573142A77D}.Debug|x86.ActiveCfg = Debug|Any CPU
		{B6852AE6-5FE0-4A76-9A71-F1573142A77D}.Debug|x86.Build.0 = Debug|Any CPU
		{B6852AE6-5FE0-4A76-9A71-F1573142A77D}.Release|Any CPU.ActiveCfg = Release|Any CPU
		{B6852AE6-5FE0-4A76-9A71-F1573142A77D}.Release|Any CPU.Build.0 = Release|Any CPU
		{B6852AE6-5FE0-4A76-9A71-F1573142A77D}.Release|x64.ActiveCfg = Release|x64
		{B6852AE6-5FE0-4A76-9A71-F1573142A77D}.Release|x64.Build.0 = Release|x64
		{B6852AE6-5FE0-4A76-9A71-F1573142A77D}.Release|x86.ActiveCfg = Release|Any CPU
		{B6852AE6-5FE0-4A76-9A71-F1573142A77D}.Release|x86.Build.0 = Release|Any CPU
		{CE787353-5E00-4574-9F49-7CEE7F087A86}.Debug|Any CPU.ActiveCfg = Debug|Any CPU
		{CE787353-5E00-4574-9F49-7CEE7F087A86}.Debug|Any CPU.Build.0 = Debug|Any CPU
		{CE787353-5E00-4574-9F49-7CEE7F087A86}.Debug|x64.ActiveCfg = Debug|x64
		{CE787353-5E00-4574-9F49-7CEE7F087A86}.Debug|x64.Build.0 = Debug|x64
		{CE787353-5E00-4574-9F49-7CEE7F087A86}.Debug|x86.ActiveCfg = Debug|Any CPU
		{CE787353-5E00-4574-9F49-7CEE7F087A86}.Debug|x86.Build.0 = Debug|Any CPU
		{CE787353-5E00-4574-9F49-7CEE7F087A86}.Release|Any CPU.ActiveCfg = Release|Any CPU
		{CE787353-5E00-4574-9F49-7CEE7F087A86}.Release|Any CPU.Build.0 = Release|Any CPU
		{CE787353-5E00-4574-9F49-7CEE7F087A86}.Release|x64.ActiveCfg = Release|x64
		{CE787353-5E00-4574-9F49-7CEE7F087A86}.Release|x64.Build.0 = Release|x64
		{CE787353-5E00-4574-9F49-7CEE7F087A86}.Release|x86.ActiveCfg = Release|Any CPU
		{CE787353-5E00-4574-9F49-7CEE7F087A86}.Release|x86.Build.0 = Release|Any CPU
		{D9475847-4F5D-4647-8085-7F952187957E}.Debug|Any CPU.ActiveCfg = Debug|Any CPU
		{D9475847-4F5D-4647-8085-7F952187957E}.Debug|Any CPU.Build.0 = Debug|Any CPU
		{D9475847-4F5D-4647-8085-7F952187957E}.Debug|x64.ActiveCfg = Debug|x64
		{D9475847-4F5D-4647-8085-7F952187957E}.Debug|x64.Build.0 = Debug|x64
		{D9475847-4F5D-4647-8085-7F952187957E}.Debug|x86.ActiveCfg = Debug|Any CPU
		{D9475847-4F5D-4647-8085-7F952187957E}.Debug|x86.Build.0 = Debug|Any CPU
		{D9475847-4F5D-4647-8085-7F952187957E}.Release|Any CPU.ActiveCfg = Release|Any CPU
		{D9475847-4F5D-4647-8085-7F952187957E}.Release|Any CPU.Build.0 = Release|Any CPU
		{D9475847-4F5D-4647-8085-7F952187957E}.Release|x64.ActiveCfg = Release|x64
		{D9475847-4F5D-4647-8085-7F952187957E}.Release|x64.Build.0 = Release|x64
		{D9475847-4F5D-4647-8085-7F952187957E}.Release|x86.ActiveCfg = Release|Any CPU
		{D9475847-4F5D-4647-8085-7F952187957E}.Release|x86.Build.0 = Release|Any CPU
		{8D3AD7D9-AA3C-4747-AD6D-84DE17A16196}.Debug|Any CPU.ActiveCfg = Debug|Any CPU
		{8D3AD7D9-AA3C-4747-AD6D-84DE17A16196}.Debug|Any CPU.Build.0 = Debug|Any CPU
		{8D3AD7D9-AA3C-4747-AD6D-84DE17A16196}.Debug|x64.ActiveCfg = Debug|x64
		{8D3AD7D9-AA3C-4747-AD6D-84DE17A16196}.Debug|x64.Build.0 = Debug|x64
		{8D3AD7D9-AA3C-4747-AD6D-84DE17A16196}.Debug|x86.ActiveCfg = Debug|Any CPU
		{8D3AD7D9-AA3C-4747-AD6D-84DE17A16196}.Debug|x86.Build.0 = Debug|Any CPU
		{8D3AD7D9-AA3C-4747-AD6D-84DE17A16196}.Release|Any CPU.ActiveCfg = Release|Any CPU
		{8D3AD7D9-AA3C-4747-AD6D-84DE17A16196}.Release|Any CPU.Build.0 = Release|Any CPU
		{8D3AD7D9-AA3C-4747-AD6D-84DE17A16196}.Release|x64.ActiveCfg = Release|x64
		{8D3AD7D9-AA3C-4747-AD6D-84DE17A16196}.Release|x64.Build.0 = Release|x64
		{8D3AD7D9-AA3C-4747-AD6D-84DE17A16196}.Release|x86.ActiveCfg = Release|Any CPU
		{8D3AD7D9-AA3C-4747-AD6D-84DE17A16196}.Release|x86.Build.0 = Release|Any CPU
		{E229A2CC-CF52-410E-8159-3C461B8BAF63}.Debug|Any CPU.ActiveCfg = Debug|Any CPU
		{E229A2CC-CF52-410E-8159-3C461B8BAF63}.Debug|Any CPU.Build.0 = Debug|Any CPU
		{E229A2CC-CF52-410E-8159-3C461B8BAF63}.Debug|x64.ActiveCfg = Debug|x64
		{E229A2CC-CF52-410E-8159-3C461B8BAF63}.Debug|x64.Build.0 = Debug|x64
		{E229A2CC-CF52-410E-8159-3C461B8BAF63}.Debug|x86.ActiveCfg = Debug|Any CPU
		{E229A2CC-CF52-410E-8159-3C461B8BAF63}.Debug|x86.Build.0 = Debug|Any CPU
		{E229A2CC-CF52-410E-8159-3C461B8BAF63}.Release|Any CPU.ActiveCfg = Release|Any CPU
		{E229A2CC-CF52-410E-8159-3C461B8BAF63}.Release|Any CPU.Build.0 = Release|Any CPU
		{E229A2CC-CF52-410E-8159-3C461B8BAF63}.Release|x64.ActiveCfg = Release|x64
		{E229A2CC-CF52-410E-8159-3C461B8BAF63}.Release|x64.Build.0 = Release|x64
		{E229A2CC-CF52-410E-8159-3C461B8BAF63}.Release|x86.ActiveCfg = Release|Any CPU
		{E229A2CC-CF52-410E-8159-3C461B8BAF63}.Release|x86.Build.0 = Release|Any CPU
		{8037431C-5BB7-47CB-A0D1-AA12D577EB2A}.Debug|Any CPU.ActiveCfg = Debug|x64
		{8037431C-5BB7-47CB-A0D1-AA12D577EB2A}.Debug|Any CPU.Build.0 = Debug|x64
		{8037431C-5BB7-47CB-A0D1-AA12D577EB2A}.Debug|x64.ActiveCfg = Debug|x64
		{8037431C-5BB7-47CB-A0D1-AA12D577EB2A}.Debug|x64.Build.0 = Debug|x64
		{8037431C-5BB7-47CB-A0D1-AA12D577EB2A}.Debug|x86.ActiveCfg = Debug|Win32
		{8037431C-5BB7-47CB-A0D1-AA12D577EB2A}.Debug|x86.Build.0 = Debug|Win32
		{8037431C-5BB7-47CB-A0D1-AA12D577EB2A}.Release|Any CPU.ActiveCfg = Release|x64
		{8037431C-5BB7-47CB-A0D1-AA12D577EB2A}.Release|Any CPU.Build.0 = Release|x64
		{8037431C-5BB7-47CB-A0D1-AA12D577EB2A}.Release|x64.ActiveCfg = Release|x64
		{8037431C-5BB7-47CB-A0D1-AA12D577EB2A}.Release|x64.Build.0 = Release|x64
		{8037431C-5BB7-47CB-A0D1-AA12D577EB2A}.Release|x86.ActiveCfg = Release|Win32
		{8037431C-5BB7-47CB-A0D1-AA12D577EB2A}.Release|x86.Build.0 = Release|Win32
		{8D0A6CCE-B715-4BA7-A250-132F4D5203DC}.Debug|Any CPU.ActiveCfg = Debug|x64
		{8D0A6CCE-B715-4BA7-A250-132F4D5203DC}.Debug|Any CPU.Build.0 = Debug|x64
		{8D0A6CCE-B715-4BA7-A250-132F4D5203DC}.Debug|x64.ActiveCfg = Debug|x64
		{8D0A6CCE-B715-4BA7-A250-132F4D5203DC}.Debug|x64.Build.0 = Debug|x64
		{8D0A6CCE-B715-4BA7-A250-132F4D5203DC}.Debug|x86.ActiveCfg = Debug|Win32
		{8D0A6CCE-B715-4BA7-A250-132F4D5203DC}.Debug|x86.Build.0 = Debug|Win32
		{8D0A6CCE-B715-4BA7-A250-132F4D5203DC}.Release|Any CPU.ActiveCfg = Release|x64
		{8D0A6CCE-B715-4BA7-A250-132F4D5203DC}.Release|Any CPU.Build.0 = Release|x64
		{8D0A6CCE-B715-4BA7-A250-132F4D5203DC}.Release|x64.ActiveCfg = Release|x64
		{8D0A6CCE-B715-4BA7-A250-132F4D5203DC}.Release|x64.Build.0 = Release|x64
		{8D0A6CCE-B715-4BA7-A250-132F4D5203DC}.Release|x86.ActiveCfg = Release|Win32
		{8D0A6CCE-B715-4BA7-A250-132F4D5203DC}.Release|x86.Build.0 = Release|Win32
		{0FC7A5C2-CD74-4106-BE2D-DFD4A97CC74C}.Debug|Any CPU.ActiveCfg = Debug|Any CPU
		{0FC7A5C2-CD74-4106-BE2D-DFD4A97CC74C}.Debug|Any CPU.Build.0 = Debug|Any CPU
		{0FC7A5C2-CD74-4106-BE2D-DFD4A97CC74C}.Debug|x64.ActiveCfg = Debug|x64
		{0FC7A5C2-CD74-4106-BE2D-DFD4A97CC74C}.Debug|x64.Build.0 = Debug|x64
		{0FC7A5C2-CD74-4106-BE2D-DFD4A97CC74C}.Debug|x86.ActiveCfg = Debug|Any CPU
		{0FC7A5C2-CD74-4106-BE2D-DFD4A97CC74C}.Debug|x86.Build.0 = Debug|Any CPU
		{0FC7A5C2-CD74-4106-BE2D-DFD4A97CC74C}.Release|Any CPU.ActiveCfg = Release|Any CPU
		{0FC7A5C2-CD74-4106-BE2D-DFD4A97CC74C}.Release|Any CPU.Build.0 = Release|Any CPU
		{0FC7A5C2-CD74-4106-BE2D-DFD4A97CC74C}.Release|x64.ActiveCfg = Release|x64
		{0FC7A5C2-CD74-4106-BE2D-DFD4A97CC74C}.Release|x64.Build.0 = Release|x64
		{0FC7A5C2-CD74-4106-BE2D-DFD4A97CC74C}.Release|x86.ActiveCfg = Release|Any CPU
		{0FC7A5C2-CD74-4106-BE2D-DFD4A97CC74C}.Release|x86.Build.0 = Release|Any CPU
		{0FC3EDCB-083F-47A1-A7ED-C23A92DF48A7}.Debug|Any CPU.ActiveCfg = Debug|Any CPU
		{0FC3EDCB-083F-47A1-A7ED-C23A92DF48A7}.Debug|Any CPU.Build.0 = Debug|Any CPU
		{0FC3EDCB-083F-47A1-A7ED-C23A92DF48A7}.Debug|x64.ActiveCfg = Debug|x64
		{0FC3EDCB-083F-47A1-A7ED-C23A92DF48A7}.Debug|x64.Build.0 = Debug|x64
		{0FC3EDCB-083F-47A1-A7ED-C23A92DF48A7}.Debug|x86.ActiveCfg = Debug|Any CPU
		{0FC3EDCB-083F-47A1-A7ED-C23A92DF48A7}.Debug|x86.Build.0 = Debug|Any CPU
		{0FC3EDCB-083F-47A1-A7ED-C23A92DF48A7}.Release|Any CPU.ActiveCfg = Release|Any CPU
		{0FC3EDCB-083F-47A1-A7ED-C23A92DF48A7}.Release|Any CPU.Build.0 = Release|Any CPU
		{0FC3EDCB-083F-47A1-A7ED-C23A92DF48A7}.Release|x64.ActiveCfg = Release|x64
		{0FC3EDCB-083F-47A1-A7ED-C23A92DF48A7}.Release|x64.Build.0 = Release|x64
		{0FC3EDCB-083F-47A1-A7ED-C23A92DF48A7}.Release|x86.ActiveCfg = Release|Any CPU
		{0FC3EDCB-083F-47A1-A7ED-C23A92DF48A7}.Release|x86.Build.0 = Release|Any CPU
		{5761D9A5-6772-4FA4-AEF9-47A773779EDB}.Debug|Any CPU.ActiveCfg = Debug|Any CPU
		{5761D9A5-6772-4FA4-AEF9-47A773779EDB}.Debug|Any CPU.Build.0 = Debug|Any CPU
		{5761D9A5-6772-4FA4-AEF9-47A773779EDB}.Debug|x64.ActiveCfg = Debug|x64
		{5761D9A5-6772-4FA4-AEF9-47A773779EDB}.Debug|x64.Build.0 = Debug|x64
		{5761D9A5-6772-4FA4-AEF9-47A773779EDB}.Debug|x86.ActiveCfg = Debug|Any CPU
		{5761D9A5-6772-4FA4-AEF9-47A773779EDB}.Debug|x86.Build.0 = Debug|Any CPU
		{5761D9A5-6772-4FA4-AEF9-47A773779EDB}.Release|Any CPU.ActiveCfg = Release|Any CPU
		{5761D9A5-6772-4FA4-AEF9-47A773779EDB}.Release|Any CPU.Build.0 = Release|Any CPU
		{5761D9A5-6772-4FA4-AEF9-47A773779EDB}.Release|x64.ActiveCfg = Release|x64
		{5761D9A5-6772-4FA4-AEF9-47A773779EDB}.Release|x64.Build.0 = Release|x64
		{5761D9A5-6772-4FA4-AEF9-47A773779EDB}.Release|x86.ActiveCfg = Release|Any CPU
		{5761D9A5-6772-4FA4-AEF9-47A773779EDB}.Release|x86.Build.0 = Release|Any CPU
		{688E2C3A-5C3E-4FCE-95DA-257B2C76E190}.Debug|Any CPU.ActiveCfg = Debug|Any CPU
		{688E2C3A-5C3E-4FCE-95DA-257B2C76E190}.Debug|Any CPU.Build.0 = Debug|Any CPU
		{688E2C3A-5C3E-4FCE-95DA-257B2C76E190}.Debug|x64.ActiveCfg = Debug|x64
		{688E2C3A-5C3E-4FCE-95DA-257B2C76E190}.Debug|x64.Build.0 = Debug|x64
		{688E2C3A-5C3E-4FCE-95DA-257B2C76E190}.Debug|x86.ActiveCfg = Debug|Any CPU
		{688E2C3A-5C3E-4FCE-95DA-257B2C76E190}.Debug|x86.Build.0 = Debug|Any CPU
		{688E2C3A-5C3E-4FCE-95DA-257B2C76E190}.Release|Any CPU.ActiveCfg = Release|Any CPU
		{688E2C3A-5C3E-4FCE-95DA-257B2C76E190}.Release|Any CPU.Build.0 = Release|Any CPU
		{688E2C3A-5C3E-4FCE-95DA-257B2C76E190}.Release|x64.ActiveCfg = Release|x64
		{688E2C3A-5C3E-4FCE-95DA-257B2C76E190}.Release|x64.Build.0 = Release|x64
		{688E2C3A-5C3E-4FCE-95DA-257B2C76E190}.Release|x86.ActiveCfg = Release|Any CPU
		{688E2C3A-5C3E-4FCE-95DA-257B2C76E190}.Release|x86.Build.0 = Release|Any CPU
		{23175072-261B-4601-8909-152EE93B78F0}.Debug|Any CPU.ActiveCfg = Debug|Any CPU
		{23175072-261B-4601-8909-152EE93B78F0}.Debug|Any CPU.Build.0 = Debug|Any CPU
		{23175072-261B-4601-8909-152EE93B78F0}.Debug|x64.ActiveCfg = Debug|x64
		{23175072-261B-4601-8909-152EE93B78F0}.Debug|x64.Build.0 = Debug|x64
		{23175072-261B-4601-8909-152EE93B78F0}.Debug|x86.ActiveCfg = Debug|Any CPU
		{23175072-261B-4601-8909-152EE93B78F0}.Debug|x86.Build.0 = Debug|Any CPU
		{23175072-261B-4601-8909-152EE93B78F0}.Release|Any CPU.ActiveCfg = Release|Any CPU
		{23175072-261B-4601-8909-152EE93B78F0}.Release|Any CPU.Build.0 = Release|Any CPU
		{23175072-261B-4601-8909-152EE93B78F0}.Release|x64.ActiveCfg = Release|x64
		{23175072-261B-4601-8909-152EE93B78F0}.Release|x64.Build.0 = Release|x64
		{23175072-261B-4601-8909-152EE93B78F0}.Release|x86.ActiveCfg = Release|Any CPU
		{23175072-261B-4601-8909-152EE93B78F0}.Release|x86.Build.0 = Release|Any CPU
	EndGlobalSection
	GlobalSection(SolutionProperties) = preSolution
		HideSolutionNode = FALSE
	EndGlobalSection
	GlobalSection(ExtensibilityGlobals) = postSolution
		SolutionGuid = {D92F4415-701E-4E8D-8F48-17011556FEFC}
	EndGlobalSection
EndGlobal
