
Microsoft Visual Studio Solution File, Format Version 12.00
# Visual Studio Version 16
VisualStudioVersion = 16.0.30309.148
MinimumVisualStudioVersion = 10.0.40219.1
Project("{FAE04EC0-301F-11D3-BF4B-00C04F79EFBC}") = "RootTools", "RootTools\RootTools.csproj", "{CE787353-5E00-4574-9F49-7CEE7F087A86}"
EndProject
Project("{FAE04EC0-301F-11D3-BF4B-00C04F79EFBC}") = "Root_Memory", "Root_Memory\Root_Memory.csproj", "{D9475847-4F5D-4647-8085-7F952187957E}"
EndProject
Project("{8BC9CEB8-8B4A-11D0-8D11-00A0C91BC942}") = "RootTools_CLR", "RootTools_CLR\RootTools_CLR.vcxproj", "{8037431C-5BB7-47CB-A0D1-AA12D577EB2A}"
EndProject
Project("{8BC9CEB8-8B4A-11D0-8D11-00A0C91BC942}") = "RootTools_Cpp", "RootTools_Cpp\RootTools_Cpp.vcxproj", "{8D0A6CCE-B715-4BA7-A250-132F4D5203DC}"
EndProject
Project("{FAE04EC0-301F-11D3-BF4B-00C04F79EFBC}") = "Root_VEGA", "Root_Vega\Root_VEGA.csproj", "{0FC7A5C2-CD74-4106-BE2D-DFD4A97CC74C}"
EndProject
Project("{FAE04EC0-301F-11D3-BF4B-00C04F79EFBC}") = "Root_LogView", "Root_LogView\Root_LogView.csproj", "{0FC3EDCB-083F-47A1-A7ED-C23A92DF48A7}"
EndProject
Project("{FAE04EC0-301F-11D3-BF4B-00C04F79EFBC}") = "Root_EFEM", "Root_EFEM\Root_EFEM.csproj", "{23175072-261B-4601-8909-152EE93B78F0}"
EndProject
Project("{FAE04EC0-301F-11D3-BF4B-00C04F79EFBC}") = "Root_WIND2", "Root_WIND2\Root_WIND2.csproj", "{E3C9836B-8D43-4E38-A667-7DDA8241E309}"
EndProject
Project("{FAE04EC0-301F-11D3-BF4B-00C04F79EFBC}") = "Root_MarsLogView", "Root_MarsLogView\Root_MarsLogView.csproj", "{E72D69A7-CB78-419F-B3A8-D102372E48D5}"
EndProject
Project("{FAE04EC0-301F-11D3-BF4B-00C04F79EFBC}") = "Root_ASIS", "Root_ASIS\Root_ASIS.csproj", "{A1F831C0-F0F4-4EF1-B9B4-E7C424735F65}"
EndProject
Project("{FAE04EC0-301F-11D3-BF4B-00C04F79EFBC}") = "Root_TactTime", "Root_TactTime\Root_TactTime.csproj", "{DCDC9C3E-E77D-45C3-A07A-CE8503CC6D44}"
EndProject
Project("{FAE04EC0-301F-11D3-BF4B-00C04F79EFBC}") = "Root_ADI", "Root_ADI\Root_ADI.csproj", "{688E2C3A-5C3E-4FCE-95DA-257B2C76E190}"
EndProject
Project("{FAE04EC0-301F-11D3-BF4B-00C04F79EFBC}") = "Root_AOP01_Inspection", "Root_AOP01_Inspection\Root_AOP01_Inspection.csproj", "{E07BDBC6-CCB6-40B3-B479-B15B34426467}"
EndProject
Project("{FAE04EC0-301F-11D3-BF4B-00C04F79EFBC}") = "Root_AOP01_Packing", "Root_AOP01_Packing\Root_AOP01_Packing.csproj", "{06C96C2E-1A92-4DE8-BA8C-DC89538E9943}"
EndProject
Project("{FAE04EC0-301F-11D3-BF4B-00C04F79EFBC}") = "RootTools_Vision", "RootTools_Vision\RootTools_Vision.csproj", "{B9FA8FAA-0522-41F3-99AD-EB307E385F76}"
EndProject
Project("{FAE04EC0-301F-11D3-BF4B-00C04F79EFBC}") = "Root_CAMELLIA", "Root_CAMELLIA\Root_CAMELLIA.csproj", "{A2602393-D189-4EFE-88BE-E9A7D71E3448}"
	ProjectSection(ProjectDependencies) = postProject
		{B9FA8FAA-0522-41F3-99AD-EB307E385F76} = {B9FA8FAA-0522-41F3-99AD-EB307E385F76}
	EndProjectSection
EndProject
Project("{FAE04EC0-301F-11D3-BF4B-00C04F79EFBC}") = "Root_Rinse_Loader", "Root_Rinse_Loader\Root_Rinse_Loader.csproj", "{171D186A-EB04-4032-A114-8064B3465FCD}"
EndProject
Project("{FAE04EC0-301F-11D3-BF4B-00C04F79EFBC}") = "Root_Rinse_Unloader", "Root_Rinse_Unloader\Root_Rinse_Unloader.csproj", "{5FC85C77-783D-4A56-B3A4-898AACBB8D0C}"
EndProject
Project("{FAE04EC0-301F-11D3-BF4B-00C04F79EFBC}") = "Root_VEGA_P", "Root_VEGA_P\Root_VEGA_P.csproj", "{013A1C5B-1A49-4D14-ADBE-60B90410F9EB}"
EndProject
Project("{FAE04EC0-301F-11D3-BF4B-00C04F79EFBC}") = "Root_VEGA_D", "Root_VEGA_D\Root_VEGA_D.csproj", "{87EA529B-E1DB-44A7-887C-4D4527DE6832}"
EndProject
Project("{FAE04EC0-301F-11D3-BF4B-00C04F79EFBC}") = "Root_VEGA_D_IPU", "Root_VEGA_D_IPU\Root_VEGA_D_IPU.csproj", "{4D850DEE-FD1B-43CE-99FA-737A86047114}"
EndProject
Project("{FAE04EC0-301F-11D3-BF4B-00C04F79EFBC}") = "Root_VEGA_P_Vision", "Root_VEGA_P_Vision\Root_VEGA_P_Vision.csproj", "{919E1FD8-72D3-430D-AD34-9AADDA3E1996}"
EndProject
Project("{FAE04EC0-301F-11D3-BF4B-00C04F79EFBC}") = "Root_WindII", "Root_WindII\Root_WindII.csproj", "{DE885418-2F03-4AF5-B436-7E5C1981CDC9}"
	ProjectSection(ProjectDependencies) = postProject
		{B9FA8FAA-0522-41F3-99AD-EB307E385F76} = {B9FA8FAA-0522-41F3-99AD-EB307E385F76}
	EndProjectSection
EndProject
Project("{FAE04EC0-301F-11D3-BF4B-00C04F79EFBC}") = "Root_WindII_Option", "Root_WindII_Option\Root_WindII_Option.csproj", "{280678A3-0E0D-4E62-8803-48B4C68FB8FC}"
EndProject
Project("{FAE04EC0-301F-11D3-BF4B-00C04F79EFBC}") = "Root_Pine2", "Root_Pine2\Root_Pine2.csproj", "{54E50BE5-2FB2-4180-B201-CB63A5D51FCC}"
EndProject
Project("{FAE04EC0-301F-11D3-BF4B-00C04F79EFBC}") = "Root_Pine2_Vision", "Root_Pine2_Vision\Root_Pine2_Vision.csproj", "{6A259040-506F-468C-8E24-93C44988A8EF}"
EndProject
Project("{FAE04EC0-301F-11D3-BF4B-00C04F79EFBC}") = "Root_JEDI_Sorter", "Root_JEDI_Sorter\Root_JEDI_Sorter.csproj", "{0FE03362-0879-4CE2-B75B-C9416FA623F0}"
EndProject
Project("{FAE04EC0-301F-11D3-BF4B-00C04F79EFBC}") = "Root_JEDI_Vision", "Root_JEDI_Vision\Root_JEDI_Vision.csproj", "{9BCEFB39-B671-42EE-9F92-EF641F8930EF}"
EndProject
Project("{FAE04EC0-301F-11D3-BF4B-00C04F79EFBC}") = "Root_JEDI", "Root_JEDI\Root_JEDI.csproj", "{E79722D0-9E1B-4112-98C5-5B0951F4D24A}"
EndProject
Global
	GlobalSection(SolutionConfigurationPlatforms) = preSolution
		Debug|Any CPU = Debug|Any CPU
		Debug|x64 = Debug|x64
		Debug|x86 = Debug|x86
		Release|Any CPU = Release|Any CPU
		Release|x64 = Release|x64
		Release|x86 = Release|x86
	EndGlobalSection
	GlobalSection(ProjectConfigurationPlatforms) = postSolution
		{CE787353-5E00-4574-9F49-7CEE7F087A86}.Debug|Any CPU.ActiveCfg = Debug|Any CPU
		{CE787353-5E00-4574-9F49-7CEE7F087A86}.Debug|Any CPU.Build.0 = Debug|Any CPU
		{CE787353-5E00-4574-9F49-7CEE7F087A86}.Debug|x64.ActiveCfg = Debug|x64
		{CE787353-5E00-4574-9F49-7CEE7F087A86}.Debug|x64.Build.0 = Debug|x64
		{CE787353-5E00-4574-9F49-7CEE7F087A86}.Debug|x86.ActiveCfg = Debug|Any CPU
		{CE787353-5E00-4574-9F49-7CEE7F087A86}.Debug|x86.Build.0 = Debug|Any CPU
		{CE787353-5E00-4574-9F49-7CEE7F087A86}.Release|Any CPU.ActiveCfg = Release|x64
		{CE787353-5E00-4574-9F49-7CEE7F087A86}.Release|Any CPU.Build.0 = Release|x64
		{CE787353-5E00-4574-9F49-7CEE7F087A86}.Release|x64.ActiveCfg = Release|x64
		{CE787353-5E00-4574-9F49-7CEE7F087A86}.Release|x64.Build.0 = Release|x64
		{CE787353-5E00-4574-9F49-7CEE7F087A86}.Release|x86.ActiveCfg = Release|Any CPU
		{CE787353-5E00-4574-9F49-7CEE7F087A86}.Release|x86.Build.0 = Release|Any CPU
		{D9475847-4F5D-4647-8085-7F952187957E}.Debug|Any CPU.ActiveCfg = Debug|Any CPU
		{D9475847-4F5D-4647-8085-7F952187957E}.Debug|Any CPU.Build.0 = Debug|Any CPU
		{D9475847-4F5D-4647-8085-7F952187957E}.Debug|x64.ActiveCfg = Debug|x64
		{D9475847-4F5D-4647-8085-7F952187957E}.Debug|x64.Build.0 = Debug|x64
		{D9475847-4F5D-4647-8085-7F952187957E}.Debug|x86.ActiveCfg = Debug|Any CPU
		{D9475847-4F5D-4647-8085-7F952187957E}.Debug|x86.Build.0 = Debug|Any CPU
		{D9475847-4F5D-4647-8085-7F952187957E}.Release|Any CPU.ActiveCfg = Release|Any CPU
		{D9475847-4F5D-4647-8085-7F952187957E}.Release|Any CPU.Build.0 = Release|Any CPU
		{D9475847-4F5D-4647-8085-7F952187957E}.Release|x64.ActiveCfg = Release|x64
		{D9475847-4F5D-4647-8085-7F952187957E}.Release|x64.Build.0 = Release|x64
		{D9475847-4F5D-4647-8085-7F952187957E}.Release|x86.ActiveCfg = Release|Any CPU
		{D9475847-4F5D-4647-8085-7F952187957E}.Release|x86.Build.0 = Release|Any CPU
		{8037431C-5BB7-47CB-A0D1-AA12D577EB2A}.Debug|Any CPU.ActiveCfg = Debug|x64
		{8037431C-5BB7-47CB-A0D1-AA12D577EB2A}.Debug|Any CPU.Build.0 = Debug|x64
		{8037431C-5BB7-47CB-A0D1-AA12D577EB2A}.Debug|x64.ActiveCfg = Debug|x64
		{8037431C-5BB7-47CB-A0D1-AA12D577EB2A}.Debug|x64.Build.0 = Debug|x64
		{8037431C-5BB7-47CB-A0D1-AA12D577EB2A}.Debug|x86.ActiveCfg = Debug|Win32
		{8037431C-5BB7-47CB-A0D1-AA12D577EB2A}.Debug|x86.Build.0 = Debug|Win32
		{8037431C-5BB7-47CB-A0D1-AA12D577EB2A}.Release|Any CPU.ActiveCfg = Release|x64
		{8037431C-5BB7-47CB-A0D1-AA12D577EB2A}.Release|Any CPU.Build.0 = Release|x64
		{8037431C-5BB7-47CB-A0D1-AA12D577EB2A}.Release|x64.ActiveCfg = Release|x64
		{8037431C-5BB7-47CB-A0D1-AA12D577EB2A}.Release|x64.Build.0 = Release|x64
		{8037431C-5BB7-47CB-A0D1-AA12D577EB2A}.Release|x86.ActiveCfg = Release|Win32
		{8037431C-5BB7-47CB-A0D1-AA12D577EB2A}.Release|x86.Build.0 = Release|Win32
		{8D0A6CCE-B715-4BA7-A250-132F4D5203DC}.Debug|Any CPU.ActiveCfg = Debug|x64
		{8D0A6CCE-B715-4BA7-A250-132F4D5203DC}.Debug|Any CPU.Build.0 = Debug|x64
		{8D0A6CCE-B715-4BA7-A250-132F4D5203DC}.Debug|x64.ActiveCfg = Debug|x64
		{8D0A6CCE-B715-4BA7-A250-132F4D5203DC}.Debug|x64.Build.0 = Debug|x64
		{8D0A6CCE-B715-4BA7-A250-132F4D5203DC}.Debug|x86.ActiveCfg = Debug|Win32
		{8D0A6CCE-B715-4BA7-A250-132F4D5203DC}.Debug|x86.Build.0 = Debug|Win32
		{8D0A6CCE-B715-4BA7-A250-132F4D5203DC}.Release|Any CPU.ActiveCfg = Release|x64
		{8D0A6CCE-B715-4BA7-A250-132F4D5203DC}.Release|Any CPU.Build.0 = Release|x64
		{8D0A6CCE-B715-4BA7-A250-132F4D5203DC}.Release|x64.ActiveCfg = Release|x64
		{8D0A6CCE-B715-4BA7-A250-132F4D5203DC}.Release|x64.Build.0 = Release|x64
		{8D0A6CCE-B715-4BA7-A250-132F4D5203DC}.Release|x86.ActiveCfg = Release|Win32
		{8D0A6CCE-B715-4BA7-A250-132F4D5203DC}.Release|x86.Build.0 = Release|Win32
		{0FC7A5C2-CD74-4106-BE2D-DFD4A97CC74C}.Debug|Any CPU.ActiveCfg = Debug|Any CPU
		{0FC7A5C2-CD74-4106-BE2D-DFD4A97CC74C}.Debug|Any CPU.Build.0 = Debug|Any CPU
		{0FC7A5C2-CD74-4106-BE2D-DFD4A97CC74C}.Debug|x64.ActiveCfg = Debug|x64
		{0FC7A5C2-CD74-4106-BE2D-DFD4A97CC74C}.Debug|x86.ActiveCfg = Debug|Any CPU
		{0FC7A5C2-CD74-4106-BE2D-DFD4A97CC74C}.Debug|x86.Build.0 = Debug|Any CPU
		{0FC7A5C2-CD74-4106-BE2D-DFD4A97CC74C}.Release|Any CPU.ActiveCfg = Release|Any CPU
		{0FC7A5C2-CD74-4106-BE2D-DFD4A97CC74C}.Release|Any CPU.Build.0 = Release|Any CPU
		{0FC7A5C2-CD74-4106-BE2D-DFD4A97CC74C}.Release|x64.ActiveCfg = Release|x64
		{0FC7A5C2-CD74-4106-BE2D-DFD4A97CC74C}.Release|x64.Build.0 = Release|x64
		{0FC7A5C2-CD74-4106-BE2D-DFD4A97CC74C}.Release|x86.ActiveCfg = Release|Any CPU
		{0FC7A5C2-CD74-4106-BE2D-DFD4A97CC74C}.Release|x86.Build.0 = Release|Any CPU
		{0FC3EDCB-083F-47A1-A7ED-C23A92DF48A7}.Debug|Any CPU.ActiveCfg = Debug|Any CPU
		{0FC3EDCB-083F-47A1-A7ED-C23A92DF48A7}.Debug|Any CPU.Build.0 = Debug|Any CPU
		{0FC3EDCB-083F-47A1-A7ED-C23A92DF48A7}.Debug|x64.ActiveCfg = Debug|x64
		{0FC3EDCB-083F-47A1-A7ED-C23A92DF48A7}.Debug|x64.Build.0 = Debug|x64
		{0FC3EDCB-083F-47A1-A7ED-C23A92DF48A7}.Debug|x86.ActiveCfg = Debug|Any CPU
		{0FC3EDCB-083F-47A1-A7ED-C23A92DF48A7}.Debug|x86.Build.0 = Debug|Any CPU
		{0FC3EDCB-083F-47A1-A7ED-C23A92DF48A7}.Release|Any CPU.ActiveCfg = Release|Any CPU
		{0FC3EDCB-083F-47A1-A7ED-C23A92DF48A7}.Release|Any CPU.Build.0 = Release|Any CPU
		{0FC3EDCB-083F-47A1-A7ED-C23A92DF48A7}.Release|x64.ActiveCfg = Release|x64
		{0FC3EDCB-083F-47A1-A7ED-C23A92DF48A7}.Release|x64.Build.0 = Release|x64
		{0FC3EDCB-083F-47A1-A7ED-C23A92DF48A7}.Release|x86.ActiveCfg = Release|Any CPU
		{0FC3EDCB-083F-47A1-A7ED-C23A92DF48A7}.Release|x86.Build.0 = Release|Any CPU
		{23175072-261B-4601-8909-152EE93B78F0}.Debug|Any CPU.ActiveCfg = Debug|Any CPU
		{23175072-261B-4601-8909-152EE93B78F0}.Debug|Any CPU.Build.0 = Debug|Any CPU
		{23175072-261B-4601-8909-152EE93B78F0}.Debug|x64.ActiveCfg = Debug|x64
		{23175072-261B-4601-8909-152EE93B78F0}.Debug|x64.Build.0 = Debug|x64
		{23175072-261B-4601-8909-152EE93B78F0}.Debug|x86.ActiveCfg = Debug|Any CPU
		{23175072-261B-4601-8909-152EE93B78F0}.Debug|x86.Build.0 = Debug|Any CPU
		{23175072-261B-4601-8909-152EE93B78F0}.Release|Any CPU.ActiveCfg = Release|Any CPU
		{23175072-261B-4601-8909-152EE93B78F0}.Release|Any CPU.Build.0 = Release|Any CPU
		{23175072-261B-4601-8909-152EE93B78F0}.Release|x64.ActiveCfg = Release|x64
		{23175072-261B-4601-8909-152EE93B78F0}.Release|x64.Build.0 = Release|x64
		{23175072-261B-4601-8909-152EE93B78F0}.Release|x86.ActiveCfg = Release|Any CPU
		{23175072-261B-4601-8909-152EE93B78F0}.Release|x86.Build.0 = Release|Any CPU
		{E3C9836B-8D43-4E38-A667-7DDA8241E309}.Debug|Any CPU.ActiveCfg = Debug|Any CPU
		{E3C9836B-8D43-4E38-A667-7DDA8241E309}.Debug|Any CPU.Build.0 = Debug|Any CPU
		{E3C9836B-8D43-4E38-A667-7DDA8241E309}.Debug|x64.ActiveCfg = Debug|x64
		{E3C9836B-8D43-4E38-A667-7DDA8241E309}.Debug|x64.Build.0 = Debug|x64
		{E3C9836B-8D43-4E38-A667-7DDA8241E309}.Debug|x86.ActiveCfg = Debug|Any CPU
		{E3C9836B-8D43-4E38-A667-7DDA8241E309}.Debug|x86.Build.0 = Debug|Any CPU
		{E3C9836B-8D43-4E38-A667-7DDA8241E309}.Release|Any CPU.ActiveCfg = Release|Any CPU
		{E3C9836B-8D43-4E38-A667-7DDA8241E309}.Release|Any CPU.Build.0 = Release|Any CPU
		{E3C9836B-8D43-4E38-A667-7DDA8241E309}.Release|x64.ActiveCfg = Release|x64
		{E3C9836B-8D43-4E38-A667-7DDA8241E309}.Release|x64.Build.0 = Release|x64
		{E3C9836B-8D43-4E38-A667-7DDA8241E309}.Release|x86.ActiveCfg = Release|Any CPU
		{E3C9836B-8D43-4E38-A667-7DDA8241E309}.Release|x86.Build.0 = Release|Any CPU
		{E72D69A7-CB78-419F-B3A8-D102372E48D5}.Debug|Any CPU.ActiveCfg = Debug|Any CPU
		{E72D69A7-CB78-419F-B3A8-D102372E48D5}.Debug|Any CPU.Build.0 = Debug|Any CPU
		{E72D69A7-CB78-419F-B3A8-D102372E48D5}.Debug|x64.ActiveCfg = Debug|x64
		{E72D69A7-CB78-419F-B3A8-D102372E48D5}.Debug|x86.ActiveCfg = Debug|Any CPU
		{E72D69A7-CB78-419F-B3A8-D102372E48D5}.Debug|x86.Build.0 = Debug|Any CPU
		{E72D69A7-CB78-419F-B3A8-D102372E48D5}.Release|Any CPU.ActiveCfg = Release|Any CPU
		{E72D69A7-CB78-419F-B3A8-D102372E48D5}.Release|Any CPU.Build.0 = Release|Any CPU
		{E72D69A7-CB78-419F-B3A8-D102372E48D5}.Release|x64.ActiveCfg = Release|x64
		{E72D69A7-CB78-419F-B3A8-D102372E48D5}.Release|x64.Build.0 = Release|x64
		{E72D69A7-CB78-419F-B3A8-D102372E48D5}.Release|x86.ActiveCfg = Release|Any CPU
		{E72D69A7-CB78-419F-B3A8-D102372E48D5}.Release|x86.Build.0 = Release|Any CPU
		{A1F831C0-F0F4-4EF1-B9B4-E7C424735F65}.Debug|Any CPU.ActiveCfg = Debug|Any CPU
		{A1F831C0-F0F4-4EF1-B9B4-E7C424735F65}.Debug|Any CPU.Build.0 = Debug|Any CPU
		{A1F831C0-F0F4-4EF1-B9B4-E7C424735F65}.Debug|x64.ActiveCfg = Debug|x64
		{A1F831C0-F0F4-4EF1-B9B4-E7C424735F65}.Debug|x86.ActiveCfg = Debug|Any CPU
		{A1F831C0-F0F4-4EF1-B9B4-E7C424735F65}.Debug|x86.Build.0 = Debug|Any CPU
		{A1F831C0-F0F4-4EF1-B9B4-E7C424735F65}.Release|Any CPU.ActiveCfg = Release|Any CPU
		{A1F831C0-F0F4-4EF1-B9B4-E7C424735F65}.Release|Any CPU.Build.0 = Release|Any CPU
		{A1F831C0-F0F4-4EF1-B9B4-E7C424735F65}.Release|x64.ActiveCfg = Release|x64
		{A1F831C0-F0F4-4EF1-B9B4-E7C424735F65}.Release|x64.Build.0 = Release|x64
		{A1F831C0-F0F4-4EF1-B9B4-E7C424735F65}.Release|x86.ActiveCfg = Release|Any CPU
		{A1F831C0-F0F4-4EF1-B9B4-E7C424735F65}.Release|x86.Build.0 = Release|Any CPU
		{DCDC9C3E-E77D-45C3-A07A-CE8503CC6D44}.Debug|Any CPU.ActiveCfg = Debug|Any CPU
		{DCDC9C3E-E77D-45C3-A07A-CE8503CC6D44}.Debug|Any CPU.Build.0 = Debug|Any CPU
		{DCDC9C3E-E77D-45C3-A07A-CE8503CC6D44}.Debug|x64.ActiveCfg = Debug|x64
		{DCDC9C3E-E77D-45C3-A07A-CE8503CC6D44}.Debug|x86.ActiveCfg = Debug|Any CPU
		{DCDC9C3E-E77D-45C3-A07A-CE8503CC6D44}.Debug|x86.Build.0 = Debug|Any CPU
		{DCDC9C3E-E77D-45C3-A07A-CE8503CC6D44}.Release|Any CPU.ActiveCfg = Release|Any CPU
		{DCDC9C3E-E77D-45C3-A07A-CE8503CC6D44}.Release|Any CPU.Build.0 = Release|Any CPU
		{DCDC9C3E-E77D-45C3-A07A-CE8503CC6D44}.Release|x64.ActiveCfg = Release|x64
		{DCDC9C3E-E77D-45C3-A07A-CE8503CC6D44}.Release|x64.Build.0 = Release|x64
		{DCDC9C3E-E77D-45C3-A07A-CE8503CC6D44}.Release|x86.ActiveCfg = Release|Any CPU
		{DCDC9C3E-E77D-45C3-A07A-CE8503CC6D44}.Release|x86.Build.0 = Release|Any CPU
		{688E2C3A-5C3E-4FCE-95DA-257B2C76E190}.Debug|Any CPU.ActiveCfg = Debug|Any CPU
		{688E2C3A-5C3E-4FCE-95DA-257B2C76E190}.Debug|Any CPU.Build.0 = Debug|Any CPU
		{688E2C3A-5C3E-4FCE-95DA-257B2C76E190}.Debug|x64.ActiveCfg = Debug|x64
		{688E2C3A-5C3E-4FCE-95DA-257B2C76E190}.Debug|x86.ActiveCfg = Debug|Any CPU
		{688E2C3A-5C3E-4FCE-95DA-257B2C76E190}.Debug|x86.Build.0 = Debug|Any CPU
		{688E2C3A-5C3E-4FCE-95DA-257B2C76E190}.Release|Any CPU.ActiveCfg = Release|Any CPU
		{688E2C3A-5C3E-4FCE-95DA-257B2C76E190}.Release|Any CPU.Build.0 = Release|Any CPU
		{688E2C3A-5C3E-4FCE-95DA-257B2C76E190}.Release|x64.ActiveCfg = Release|x64
		{688E2C3A-5C3E-4FCE-95DA-257B2C76E190}.Release|x64.Build.0 = Release|x64
		{688E2C3A-5C3E-4FCE-95DA-257B2C76E190}.Release|x86.ActiveCfg = Release|Any CPU
		{688E2C3A-5C3E-4FCE-95DA-257B2C76E190}.Release|x86.Build.0 = Release|Any CPU
		{E07BDBC6-CCB6-40B3-B479-B15B34426467}.Debug|Any CPU.ActiveCfg = Debug|Any CPU
		{E07BDBC6-CCB6-40B3-B479-B15B34426467}.Debug|Any CPU.Build.0 = Debug|Any CPU
		{E07BDBC6-CCB6-40B3-B479-B15B34426467}.Debug|x64.ActiveCfg = Debug|x64
		{E07BDBC6-CCB6-40B3-B479-B15B34426467}.Debug|x86.ActiveCfg = Debug|Any CPU
		{E07BDBC6-CCB6-40B3-B479-B15B34426467}.Debug|x86.Build.0 = Debug|Any CPU
		{E07BDBC6-CCB6-40B3-B479-B15B34426467}.Release|Any CPU.ActiveCfg = Release|Any CPU
		{E07BDBC6-CCB6-40B3-B479-B15B34426467}.Release|Any CPU.Build.0 = Release|Any CPU
		{E07BDBC6-CCB6-40B3-B479-B15B34426467}.Release|x64.ActiveCfg = Release|x64
		{E07BDBC6-CCB6-40B3-B479-B15B34426467}.Release|x64.Build.0 = Release|x64
		{E07BDBC6-CCB6-40B3-B479-B15B34426467}.Release|x86.ActiveCfg = Release|Any CPU
		{E07BDBC6-CCB6-40B3-B479-B15B34426467}.Release|x86.Build.0 = Release|Any CPU
		{06C96C2E-1A92-4DE8-BA8C-DC89538E9943}.Debug|Any CPU.ActiveCfg = Debug|Any CPU
		{06C96C2E-1A92-4DE8-BA8C-DC89538E9943}.Debug|Any CPU.Build.0 = Debug|Any CPU
		{06C96C2E-1A92-4DE8-BA8C-DC89538E9943}.Debug|x64.ActiveCfg = Debug|x64
		{06C96C2E-1A92-4DE8-BA8C-DC89538E9943}.Debug|x64.Build.0 = Debug|x64
		{06C96C2E-1A92-4DE8-BA8C-DC89538E9943}.Debug|x86.ActiveCfg = Debug|Any CPU
		{06C96C2E-1A92-4DE8-BA8C-DC89538E9943}.Debug|x86.Build.0 = Debug|Any CPU
		{06C96C2E-1A92-4DE8-BA8C-DC89538E9943}.Release|Any CPU.ActiveCfg = Release|Any CPU
		{06C96C2E-1A92-4DE8-BA8C-DC89538E9943}.Release|Any CPU.Build.0 = Release|Any CPU
		{06C96C2E-1A92-4DE8-BA8C-DC89538E9943}.Release|x64.ActiveCfg = Release|x64
		{06C96C2E-1A92-4DE8-BA8C-DC89538E9943}.Release|x64.Build.0 = Release|x64
		{06C96C2E-1A92-4DE8-BA8C-DC89538E9943}.Release|x86.ActiveCfg = Release|Any CPU
		{06C96C2E-1A92-4DE8-BA8C-DC89538E9943}.Release|x86.Build.0 = Release|Any CPU
		{B9FA8FAA-0522-41F3-99AD-EB307E385F76}.Debug|Any CPU.ActiveCfg = Debug|Any CPU
		{B9FA8FAA-0522-41F3-99AD-EB307E385F76}.Debug|Any CPU.Build.0 = Debug|Any CPU
		{B9FA8FAA-0522-41F3-99AD-EB307E385F76}.Debug|x64.ActiveCfg = Debug|x64
		{B9FA8FAA-0522-41F3-99AD-EB307E385F76}.Debug|x64.Build.0 = Debug|x64
		{B9FA8FAA-0522-41F3-99AD-EB307E385F76}.Debug|x86.ActiveCfg = Debug|Any CPU
		{B9FA8FAA-0522-41F3-99AD-EB307E385F76}.Debug|x86.Build.0 = Debug|Any CPU
		{B9FA8FAA-0522-41F3-99AD-EB307E385F76}.Release|Any CPU.ActiveCfg = Release|x64
		{B9FA8FAA-0522-41F3-99AD-EB307E385F76}.Release|Any CPU.Build.0 = Release|x64
		{B9FA8FAA-0522-41F3-99AD-EB307E385F76}.Release|x64.ActiveCfg = Release|x64
		{B9FA8FAA-0522-41F3-99AD-EB307E385F76}.Release|x64.Build.0 = Release|x64
		{B9FA8FAA-0522-41F3-99AD-EB307E385F76}.Release|x86.ActiveCfg = Release|Any CPU
		{B9FA8FAA-0522-41F3-99AD-EB307E385F76}.Release|x86.Build.0 = Release|Any CPU
		{A2602393-D189-4EFE-88BE-E9A7D71E3448}.Debug|Any CPU.ActiveCfg = Debug|Any CPU
		{A2602393-D189-4EFE-88BE-E9A7D71E3448}.Debug|Any CPU.Build.0 = Debug|Any CPU
		{A2602393-D189-4EFE-88BE-E9A7D71E3448}.Debug|x64.ActiveCfg = Debug|x64
		{A2602393-D189-4EFE-88BE-E9A7D71E3448}.Debug|x64.Build.0 = Debug|x64
		{A2602393-D189-4EFE-88BE-E9A7D71E3448}.Debug|x86.ActiveCfg = Debug|Any CPU
		{A2602393-D189-4EFE-88BE-E9A7D71E3448}.Debug|x86.Build.0 = Debug|Any CPU
		{A2602393-D189-4EFE-88BE-E9A7D71E3448}.Release|Any CPU.ActiveCfg = Release|Any CPU
		{A2602393-D189-4EFE-88BE-E9A7D71E3448}.Release|Any CPU.Build.0 = Release|Any CPU
		{A2602393-D189-4EFE-88BE-E9A7D71E3448}.Release|x64.ActiveCfg = Release|x64
		{A2602393-D189-4EFE-88BE-E9A7D71E3448}.Release|x64.Build.0 = Release|x64
		{A2602393-D189-4EFE-88BE-E9A7D71E3448}.Release|x86.ActiveCfg = Release|Any CPU
		{A2602393-D189-4EFE-88BE-E9A7D71E3448}.Release|x86.Build.0 = Release|Any CPU
		{171D186A-EB04-4032-A114-8064B3465FCD}.Debug|Any CPU.ActiveCfg = Debug|Any CPU
		{171D186A-EB04-4032-A114-8064B3465FCD}.Debug|Any CPU.Build.0 = Debug|Any CPU
		{171D186A-EB04-4032-A114-8064B3465FCD}.Debug|x64.ActiveCfg = Debug|x64
		{171D186A-EB04-4032-A114-8064B3465FCD}.Debug|x86.ActiveCfg = Debug|Any CPU
		{171D186A-EB04-4032-A114-8064B3465FCD}.Debug|x86.Build.0 = Debug|Any CPU
		{171D186A-EB04-4032-A114-8064B3465FCD}.Release|Any CPU.ActiveCfg = Release|Any CPU
		{171D186A-EB04-4032-A114-8064B3465FCD}.Release|Any CPU.Build.0 = Release|Any CPU
		{171D186A-EB04-4032-A114-8064B3465FCD}.Release|x64.ActiveCfg = Release|x64
		{171D186A-EB04-4032-A114-8064B3465FCD}.Release|x64.Build.0 = Release|x64
		{171D186A-EB04-4032-A114-8064B3465FCD}.Release|x86.ActiveCfg = Release|Any CPU
		{171D186A-EB04-4032-A114-8064B3465FCD}.Release|x86.Build.0 = Release|Any CPU
		{5FC85C77-783D-4A56-B3A4-898AACBB8D0C}.Debug|Any CPU.ActiveCfg = Debug|Any CPU
		{5FC85C77-783D-4A56-B3A4-898AACBB8D0C}.Debug|Any CPU.Build.0 = Debug|Any CPU
		{5FC85C77-783D-4A56-B3A4-898AACBB8D0C}.Debug|x64.ActiveCfg = Debug|x64
		{5FC85C77-783D-4A56-B3A4-898AACBB8D0C}.Debug|x86.ActiveCfg = Debug|Any CPU
		{5FC85C77-783D-4A56-B3A4-898AACBB8D0C}.Debug|x86.Build.0 = Debug|Any CPU
		{5FC85C77-783D-4A56-B3A4-898AACBB8D0C}.Release|Any CPU.ActiveCfg = Release|Any CPU
		{5FC85C77-783D-4A56-B3A4-898AACBB8D0C}.Release|Any CPU.Build.0 = Release|Any CPU
		{5FC85C77-783D-4A56-B3A4-898AACBB8D0C}.Release|x64.ActiveCfg = Release|x64
		{5FC85C77-783D-4A56-B3A4-898AACBB8D0C}.Release|x64.Build.0 = Release|x64
		{5FC85C77-783D-4A56-B3A4-898AACBB8D0C}.Release|x86.ActiveCfg = Release|Any CPU
		{5FC85C77-783D-4A56-B3A4-898AACBB8D0C}.Release|x86.Build.0 = Release|Any CPU
		{013A1C5B-1A49-4D14-ADBE-60B90410F9EB}.Debug|Any CPU.ActiveCfg = Debug|Any CPU
		{013A1C5B-1A49-4D14-ADBE-60B90410F9EB}.Debug|Any CPU.Build.0 = Debug|Any CPU
		{013A1C5B-1A49-4D14-ADBE-60B90410F9EB}.Debug|x64.ActiveCfg = Debug|x64
		{013A1C5B-1A49-4D14-ADBE-60B90410F9EB}.Debug|x64.Build.0 = Debug|x64
		{013A1C5B-1A49-4D14-ADBE-60B90410F9EB}.Debug|x86.ActiveCfg = Debug|Any CPU
		{013A1C5B-1A49-4D14-ADBE-60B90410F9EB}.Debug|x86.Build.0 = Debug|Any CPU
		{013A1C5B-1A49-4D14-ADBE-60B90410F9EB}.Release|Any CPU.ActiveCfg = Release|Any CPU
		{013A1C5B-1A49-4D14-ADBE-60B90410F9EB}.Release|Any CPU.Build.0 = Release|Any CPU
		{013A1C5B-1A49-4D14-ADBE-60B90410F9EB}.Release|x64.ActiveCfg = Release|x64
		{013A1C5B-1A49-4D14-ADBE-60B90410F9EB}.Release|x64.Build.0 = Release|x64
		{013A1C5B-1A49-4D14-ADBE-60B90410F9EB}.Release|x86.ActiveCfg = Release|Any CPU
		{013A1C5B-1A49-4D14-ADBE-60B90410F9EB}.Release|x86.Build.0 = Release|Any CPU
		{87EA529B-E1DB-44A7-887C-4D4527DE6832}.Debug|Any CPU.ActiveCfg = Debug|Any CPU
		{87EA529B-E1DB-44A7-887C-4D4527DE6832}.Debug|Any CPU.Build.0 = Debug|Any CPU
		{87EA529B-E1DB-44A7-887C-4D4527DE6832}.Debug|x64.ActiveCfg = Debug|x64
		{87EA529B-E1DB-44A7-887C-4D4527DE6832}.Debug|x64.Build.0 = Debug|x64
		{87EA529B-E1DB-44A7-887C-4D4527DE6832}.Debug|x86.ActiveCfg = Debug|Any CPU
		{87EA529B-E1DB-44A7-887C-4D4527DE6832}.Debug|x86.Build.0 = Debug|Any CPU
		{87EA529B-E1DB-44A7-887C-4D4527DE6832}.Release|Any CPU.ActiveCfg = Release|Any CPU
		{87EA529B-E1DB-44A7-887C-4D4527DE6832}.Release|Any CPU.Build.0 = Release|Any CPU
		{87EA529B-E1DB-44A7-887C-4D4527DE6832}.Release|x64.ActiveCfg = Release|Any CPU
		{87EA529B-E1DB-44A7-887C-4D4527DE6832}.Release|x64.Build.0 = Release|Any CPU
		{87EA529B-E1DB-44A7-887C-4D4527DE6832}.Release|x86.ActiveCfg = Release|Any CPU
		{87EA529B-E1DB-44A7-887C-4D4527DE6832}.Release|x86.Build.0 = Release|Any CPU
		{4D850DEE-FD1B-43CE-99FA-737A86047114}.Debug|Any CPU.ActiveCfg = Debug|Any CPU
		{4D850DEE-FD1B-43CE-99FA-737A86047114}.Debug|Any CPU.Build.0 = Debug|Any CPU
		{4D850DEE-FD1B-43CE-99FA-737A86047114}.Debug|x64.ActiveCfg = Debug|x64
		{4D850DEE-FD1B-43CE-99FA-737A86047114}.Debug|x64.Build.0 = Debug|x64
		{4D850DEE-FD1B-43CE-99FA-737A86047114}.Debug|x86.ActiveCfg = Debug|Any CPU
		{4D850DEE-FD1B-43CE-99FA-737A86047114}.Debug|x86.Build.0 = Debug|Any CPU
		{4D850DEE-FD1B-43CE-99FA-737A86047114}.Release|Any CPU.ActiveCfg = Release|Any CPU
		{4D850DEE-FD1B-43CE-99FA-737A86047114}.Release|Any CPU.Build.0 = Release|Any CPU
		{4D850DEE-FD1B-43CE-99FA-737A86047114}.Release|x64.ActiveCfg = Release|Any CPU
		{4D850DEE-FD1B-43CE-99FA-737A86047114}.Release|x64.Build.0 = Release|Any CPU
		{4D850DEE-FD1B-43CE-99FA-737A86047114}.Release|x86.ActiveCfg = Release|Any CPU
		{4D850DEE-FD1B-43CE-99FA-737A86047114}.Release|x86.Build.0 = Release|Any CPU
		{919E1FD8-72D3-430D-AD34-9AADDA3E1996}.Debug|Any CPU.ActiveCfg = Debug|Any CPU
		{919E1FD8-72D3-430D-AD34-9AADDA3E1996}.Debug|Any CPU.Build.0 = Debug|Any CPU
		{919E1FD8-72D3-430D-AD34-9AADDA3E1996}.Debug|x64.ActiveCfg = Debug|x64
		{919E1FD8-72D3-430D-AD34-9AADDA3E1996}.Debug|x86.ActiveCfg = Debug|Any CPU
		{919E1FD8-72D3-430D-AD34-9AADDA3E1996}.Debug|x86.Build.0 = Debug|Any CPU
		{919E1FD8-72D3-430D-AD34-9AADDA3E1996}.Release|Any CPU.ActiveCfg = Release|Any CPU
		{919E1FD8-72D3-430D-AD34-9AADDA3E1996}.Release|Any CPU.Build.0 = Release|Any CPU
		{919E1FD8-72D3-430D-AD34-9AADDA3E1996}.Release|x64.ActiveCfg = Release|x64
		{919E1FD8-72D3-430D-AD34-9AADDA3E1996}.Release|x64.Build.0 = Release|x64
		{919E1FD8-72D3-430D-AD34-9AADDA3E1996}.Release|x86.ActiveCfg = Release|Any CPU
		{919E1FD8-72D3-430D-AD34-9AADDA3E1996}.Release|x86.Build.0 = Release|Any CPU
		{DE885418-2F03-4AF5-B436-7E5C1981CDC9}.Debug|Any CPU.ActiveCfg = Debug|Any CPU
		{DE885418-2F03-4AF5-B436-7E5C1981CDC9}.Debug|Any CPU.Build.0 = Debug|Any CPU
		{DE885418-2F03-4AF5-B436-7E5C1981CDC9}.Debug|x64.ActiveCfg = Debug|x64
		{DE885418-2F03-4AF5-B436-7E5C1981CDC9}.Debug|x64.Build.0 = Debug|x64
		{DE885418-2F03-4AF5-B436-7E5C1981CDC9}.Debug|x86.ActiveCfg = Debug|Any CPU
		{DE885418-2F03-4AF5-B436-7E5C1981CDC9}.Debug|x86.Build.0 = Debug|Any CPU
		{DE885418-2F03-4AF5-B436-7E5C1981CDC9}.Release|Any CPU.ActiveCfg = Release|Any CPU
		{DE885418-2F03-4AF5-B436-7E5C1981CDC9}.Release|Any CPU.Build.0 = Release|Any CPU
		{DE885418-2F03-4AF5-B436-7E5C1981CDC9}.Release|x64.ActiveCfg = Release|x64
		{DE885418-2F03-4AF5-B436-7E5C1981CDC9}.Release|x64.Build.0 = Release|x64
		{DE885418-2F03-4AF5-B436-7E5C1981CDC9}.Release|x86.ActiveCfg = Release|Any CPU
		{DE885418-2F03-4AF5-B436-7E5C1981CDC9}.Release|x86.Build.0 = Release|Any CPU
		{280678A3-0E0D-4E62-8803-48B4C68FB8FC}.Debug|Any CPU.ActiveCfg = Debug|Any CPU
		{280678A3-0E0D-4E62-8803-48B4C68FB8FC}.Debug|Any CPU.Build.0 = Debug|Any CPU
		{280678A3-0E0D-4E62-8803-48B4C68FB8FC}.Debug|x64.ActiveCfg = Debug|x64
		{280678A3-0E0D-4E62-8803-48B4C68FB8FC}.Debug|x64.Build.0 = Debug|x64
		{280678A3-0E0D-4E62-8803-48B4C68FB8FC}.Debug|x86.ActiveCfg = Debug|Any CPU
		{280678A3-0E0D-4E62-8803-48B4C68FB8FC}.Debug|x86.Build.0 = Debug|Any CPU
		{280678A3-0E0D-4E62-8803-48B4C68FB8FC}.Release|Any CPU.ActiveCfg = Release|Any CPU
		{280678A3-0E0D-4E62-8803-48B4C68FB8FC}.Release|Any CPU.Build.0 = Release|Any CPU
		{280678A3-0E0D-4E62-8803-48B4C68FB8FC}.Release|x64.ActiveCfg = Release|x64
		{280678A3-0E0D-4E62-8803-48B4C68FB8FC}.Release|x64.Build.0 = Release|x64
		{280678A3-0E0D-4E62-8803-48B4C68FB8FC}.Release|x86.ActiveCfg = Release|Any CPU
		{280678A3-0E0D-4E62-8803-48B4C68FB8FC}.Release|x86.Build.0 = Release|Any CPU
		{54E50BE5-2FB2-4180-B201-CB63A5D51FCC}.Debug|Any CPU.ActiveCfg = Debug|Any CPU
		{54E50BE5-2FB2-4180-B201-CB63A5D51FCC}.Debug|Any CPU.Build.0 = Debug|Any CPU
		{54E50BE5-2FB2-4180-B201-CB63A5D51FCC}.Debug|x64.ActiveCfg = Debug|x64
		{54E50BE5-2FB2-4180-B201-CB63A5D51FCC}.Debug|x64.Build.0 = Debug|x64
		{54E50BE5-2FB2-4180-B201-CB63A5D51FCC}.Debug|x86.ActiveCfg = Debug|Any CPU
		{54E50BE5-2FB2-4180-B201-CB63A5D51FCC}.Debug|x86.Build.0 = Debug|Any CPU
		{54E50BE5-2FB2-4180-B201-CB63A5D51FCC}.Release|Any CPU.ActiveCfg = Release|Any CPU
		{54E50BE5-2FB2-4180-B201-CB63A5D51FCC}.Release|Any CPU.Build.0 = Release|Any CPU
		{54E50BE5-2FB2-4180-B201-CB63A5D51FCC}.Release|x64.ActiveCfg = Release|x64
		{54E50BE5-2FB2-4180-B201-CB63A5D51FCC}.Release|x64.Build.0 = Release|x64
		{54E50BE5-2FB2-4180-B201-CB63A5D51FCC}.Release|x86.ActiveCfg = Release|Any CPU
		{54E50BE5-2FB2-4180-B201-CB63A5D51FCC}.Release|x86.Build.0 = Release|Any CPU
		{6A259040-506F-468C-8E24-93C44988A8EF}.Debug|Any CPU.ActiveCfg = Debug|Any CPU
		{6A259040-506F-468C-8E24-93C44988A8EF}.Debug|Any CPU.Build.0 = Debug|Any CPU
		{6A259040-506F-468C-8E24-93C44988A8EF}.Debug|x64.ActiveCfg = Debug|x64
		{6A259040-506F-468C-8E24-93C44988A8EF}.Debug|x64.Build.0 = Debug|x64
		{6A259040-506F-468C-8E24-93C44988A8EF}.Debug|x86.ActiveCfg = Debug|Any CPU
		{6A259040-506F-468C-8E24-93C44988A8EF}.Debug|x86.Build.0 = Debug|Any CPU
		{6A259040-506F-468C-8E24-93C44988A8EF}.Release|Any CPU.ActiveCfg = Release|Any CPU
		{6A259040-506F-468C-8E24-93C44988A8EF}.Release|Any CPU.Build.0 = Release|Any CPU
		{6A259040-506F-468C-8E24-93C44988A8EF}.Release|x64.ActiveCfg = Release|x64
		{6A259040-506F-468C-8E24-93C44988A8EF}.Release|x64.Build.0 = Release|x64
		{6A259040-506F-468C-8E24-93C44988A8EF}.Release|x86.ActiveCfg = Release|Any CPU
		{6A259040-506F-468C-8E24-93C44988A8EF}.Release|x86.Build.0 = Release|Any CPU
		{0FE03362-0879-4CE2-B75B-C9416FA623F0}.Debug|Any CPU.ActiveCfg = Debug|Any CPU
		{0FE03362-0879-4CE2-B75B-C9416FA623F0}.Debug|Any CPU.Build.0 = Debug|Any CPU
		{0FE03362-0879-4CE2-B75B-C9416FA623F0}.Debug|x64.ActiveCfg = Debug|Any CPU
		{0FE03362-0879-4CE2-B75B-C9416FA623F0}.Debug|x64.Build.0 = Debug|Any CPU
		{0FE03362-0879-4CE2-B75B-C9416FA623F0}.Debug|x86.ActiveCfg = Debug|Any CPU
		{0FE03362-0879-4CE2-B75B-C9416FA623F0}.Debug|x86.Build.0 = Debug|Any CPU
		{0FE03362-0879-4CE2-B75B-C9416FA623F0}.Release|Any CPU.ActiveCfg = Release|Any CPU
		{0FE03362-0879-4CE2-B75B-C9416FA623F0}.Release|Any CPU.Build.0 = Release|Any CPU
		{0FE03362-0879-4CE2-B75B-C9416FA623F0}.Release|x64.ActiveCfg = Release|Any CPU
		{0FE03362-0879-4CE2-B75B-C9416FA623F0}.Release|x64.Build.0 = Release|Any CPU
		{0FE03362-0879-4CE2-B75B-C9416FA623F0}.Release|x86.ActiveCfg = Release|Any CPU
		{0FE03362-0879-4CE2-B75B-C9416FA623F0}.Release|x86.Build.0 = Release|Any CPU
		{9BCEFB39-B671-42EE-9F92-EF641F8930EF}.Debug|Any CPU.ActiveCfg = Debug|Any CPU
		{9BCEFB39-B671-42EE-9F92-EF641F8930EF}.Debug|Any CPU.Build.0 = Debug|Any CPU
		{9BCEFB39-B671-42EE-9F92-EF641F8930EF}.Debug|x64.ActiveCfg = Debug|Any CPU
		{9BCEFB39-B671-42EE-9F92-EF641F8930EF}.Debug|x64.Build.0 = Debug|Any CPU
		{9BCEFB39-B671-42EE-9F92-EF641F8930EF}.Debug|x86.ActiveCfg = Debug|Any CPU
		{9BCEFB39-B671-42EE-9F92-EF641F8930EF}.Debug|x86.Build.0 = Debug|Any CPU
		{9BCEFB39-B671-42EE-9F92-EF641F8930EF}.Release|Any CPU.ActiveCfg = Release|Any CPU
		{9BCEFB39-B671-42EE-9F92-EF641F8930EF}.Release|Any CPU.Build.0 = Release|Any CPU
		{9BCEFB39-B671-42EE-9F92-EF641F8930EF}.Release|x64.ActiveCfg = Release|Any CPU
		{9BCEFB39-B671-42EE-9F92-EF641F8930EF}.Release|x64.Build.0 = Release|Any CPU
		{9BCEFB39-B671-42EE-9F92-EF641F8930EF}.Release|x86.ActiveCfg = Release|Any CPU
		{9BCEFB39-B671-42EE-9F92-EF641F8930EF}.Release|x86.Build.0 = Release|Any CPU
		{E79722D0-9E1B-4112-98C5-5B0951F4D24A}.Debug|Any CPU.ActiveCfg = Debug|Any CPU
		{E79722D0-9E1B-4112-98C5-5B0951F4D24A}.Debug|Any CPU.Build.0 = Debug|Any CPU
		{E79722D0-9E1B-4112-98C5-5B0951F4D24A}.Debug|x64.ActiveCfg = Debug|Any CPU
		{E79722D0-9E1B-4112-98C5-5B0951F4D24A}.Debug|x64.Build.0 = Debug|Any CPU
		{E79722D0-9E1B-4112-98C5-5B0951F4D24A}.Debug|x86.ActiveCfg = Debug|Any CPU
		{E79722D0-9E1B-4112-98C5-5B0951F4D24A}.Debug|x86.Build.0 = Debug|Any CPU
		{E79722D0-9E1B-4112-98C5-5B0951F4D24A}.Release|Any CPU.ActiveCfg = Release|Any CPU
		{E79722D0-9E1B-4112-98C5-5B0951F4D24A}.Release|Any CPU.Build.0 = Release|Any CPU
		{E79722D0-9E1B-4112-98C5-5B0951F4D24A}.Release|x64.ActiveCfg = Release|Any CPU
		{E79722D0-9E1B-4112-98C5-5B0951F4D24A}.Release|x64.Build.0 = Release|Any CPU
		{E79722D0-9E1B-4112-98C5-5B0951F4D24A}.Release|x86.ActiveCfg = Release|Any CPU
		{E79722D0-9E1B-4112-98C5-5B0951F4D24A}.Release|x86.Build.0 = Release|Any CPU
	EndGlobalSection
	GlobalSection(SolutionProperties) = preSolution
		HideSolutionNode = FALSE
	EndGlobalSection
	GlobalSection(ExtensibilityGlobals) = postSolution
		SolutionGuid = {D92F4415-701E-4E8D-8F48-17011556FEFC}
	EndGlobalSection
EndGlobal
